cloud.google.com/go v0.34.0/go.mod h1:aQUYkXzVsufM+DwF1aE+0xfcU+56JwCaLick0ClmMTw=
code.cloudfoundry.org/cli v6.49.0+incompatible h1:lUuYux9EXLe8EBzlvckJLpHKhc8szJfWiEc3SXdM8+o=
code.cloudfoundry.org/cli v6.49.0+incompatible/go.mod h1:e4d+EpbwevNhyTZKybrLlyTvpH+W22vMsmdmcTxs/Fo=
code.cloudfoundry.org/gofileutils v0.0.0-20170111115228-4d0c80011a0f h1:UrKzEwTgeiff9vxdrfdqxibzpWjxLnuXDI5m6z3GJAk=
code.cloudfoundry.org/gofileutils v0.0.0-20170111115228-4d0c80011a0f/go.mod h1:sk5LnIjB/nIEU7yP5sDQExVm62wu0pBh3yrElngUisI=
github.com/Azure/go-ansiterm v0.0.0-20170929234023-d6e3b3328b78 h1:w+iIsaOQNcT7OZ575w+acHgRric5iCyQh+xv+KJ4HB8=
github.com/Azure/go-ansiterm v0.0.0-20170929234023-d6e3b3328b78/go.mod h1:LmzpDX56iTiv29bbRTIsUNlaFfuhWRQBWjQdVyAevI8=
github.com/BurntSushi/toml v0.3.1/go.mod h1:xHWCNGjB5oqiDr8zfno3MHue2Ht5sIBksp03qcyfWMU=
github.com/Masterminds/semver v1.4.2 h1:WBLTQ37jOCzSLtXNdoo8bNM8876KhNqOKvrlGITgsTc=
github.com/Masterminds/semver v1.4.2/go.mod h1:MB6lktGJrhw8PrUyiEoblNEGEQ+RzHPF078ddwwvV3Y=
github.com/Masterminds/semver v1.5.0 h1:H65muMkzWKEuNDnfl9d70GUjFniHKHRbFPGBuZ3QEww=
github.com/Masterminds/semver v1.5.0/go.mod h1:MB6lktGJrhw8PrUyiEoblNEGEQ+RzHPF078ddwwvV3Y=
github.com/Microsoft/go-winio v0.4.11 h1:zoIOcVf0xPN1tnMVbTtEdI+P8OofVk3NObnwOQ6nK2Q=
github.com/Microsoft/go-winio v0.4.11/go.mod h1:VhR8bwka0BXejwEJY73c50VrPtXAaKcyvVC4A4RozmA=
github.com/Nvveen/Gotty v0.0.0-20120604004816-cd527374f1e5 h1:TngWCqHvy9oXAN6lEVMRuU21PR1EtLVZJmdB18Gu3Rw=
github.com/Nvveen/Gotty v0.0.0-20120604004816-cd527374f1e5/go.mod h1:lmUJ/7eu/Q8D7ML55dXQrVaamCz2vxCfdQBasLZfHKk=
github.com/armon/consul-api v0.0.0-20180202201655-eb2c6b5be1b6/go.mod h1:grANhF5doyWs3UAsr3K4I6qtAmlQcZDesFNEHPZAzj8=
github.com/blang/semver v3.5.1+incompatible h1:cQNTCjp13qL8KC3Nbxr/y2Bqb63oX6wdnnjpJbkM4JQ=
github.com/blang/semver v3.5.1+incompatible/go.mod h1:kRBLl5iJ+tD4TcOOxsy/0fnwebNt5EWlYSAyrTnjyyk=
github.com/cloudfoundry-community/go-cfclient v0.0.0-20190808214049-35bcce23fc5f h1:fK3ikA1s77arBhpDwFuyO0hUZ2Aa8O6o2Uzy8Q6iLbs=
github.com/cloudfoundry-community/go-cfclient v0.0.0-20190808214049-35bcce23fc5f/go.mod h1:RtIewdO+K/czvxvIFCMbPyx7jdxSLL1RZ+DA/Vk8Lwg=
github.com/cloudfoundry-incubator/cf-test-helpers v1.0.0 h1:vk4gthT4ime81HI16e8MLctmjZE4U5EMuM90vs1dO4E=
github.com/cloudfoundry-incubator/cf-test-helpers v1.0.0/go.mod h1:I21tkmFwW9F06eYcQm5GTUzNV+pc1Q5NVZ1qhWOGGx0=
github.com/codegangsta/inject v0.0.0-20150114235600-33e0aa1cb7c0 h1:sDMmm+q/3+BukdIpxwO365v/Rbspp2Nt5XntgQRXq8Q=
github.com/codegangsta/inject v0.0.0-20150114235600-33e0aa1cb7c0/go.mod h1:4Zcjuz89kmFXt9morQgcfYZAYZ5n8WHjt81YYWIwtTM=
github.com/containerd/continuity v0.0.0-20181203112020-004b46473808 h1:4BX8f882bXEDKfWIf0wa8HRvpnBoPszJJXL+TVbBw4M=
github.com/containerd/continuity v0.0.0-20181203112020-004b46473808/go.mod h1:GL3xCUCBDV3CZiTSEKksMWbLE66hEyuu9qyDOOqM47Y=
github.com/coreos/etcd v3.3.10+incompatible/go.mod h1:uF7uidLiAD3TWHmW31ZFd/JWoc32PjwdhPthX9715RE=
github.com/coreos/go-etcd v2.0.0+incompatible/go.mod h1:Jez6KQU2B/sWsbdaef3ED8NzMklzPG4d5KIOhIy30Tk=
github.com/coreos/go-semver v0.2.0/go.mod h1:nnelYz7RCh+5ahJtPPxZlU+153eP4D4r3EedlOD2RNk=
github.com/cpuguy83/go-md2man v1.0.10/go.mod h1:SmD6nW6nTyfqj6ABTjUi3V3JVMnlJmwcJI5acqYI6dE=
github.com/davecgh/go-spew v1.1.0/go.mod h1:J7Y8YcW2NihsgmVo/mv3lAwl/skON4iLHjSsI+c5H38=
github.com/davecgh/go-spew v1.1.1 h1:vj9j/u1bqnvCEfJOwUhtlOARqs3+rkHYY13jYWTU97c=
github.com/davecgh/go-spew v1.1.1/go.mod h1:J7Y8YcW2NihsgmVo/mv3lAwl/skON4iLHjSsI+c5H38=
github.com/docker/docker v0.7.3-0.20180827131323-0c5f8d2b9b23/go.mod h1:eEKB0N0r5NX/I1kEveEz05bcu8tLC/8azJZsviup8Sk=
github.com/docker/docker v1.4.2-0.20190110224251-3efd75b972a8 h1:Znz6T4e1AXUC8b8dqlHBYUr7H34ZkBVY++wypCqLwyo=
github.com/docker/docker v1.4.2-0.20190110224251-3efd75b972a8/go.mod h1:eEKB0N0r5NX/I1kEveEz05bcu8tLC/8azJZsviup8Sk=
github.com/docker/go-connections v0.4.0 h1:El9xVISelRB7BuFusrZozjnkIM5YnzCViNKohAFqRJQ=
github.com/docker/go-connections v0.4.0/go.mod h1:Gbd7IOopHjR8Iph03tsViu4nIes5XhDvyHbTtUxmeec=
github.com/docker/go-units v0.3.3 h1:Xk8S3Xj5sLGlG5g67hJmYMmUgXv5N4PhkjJHHqrwnTk=
github.com/docker/go-units v0.3.3/go.mod h1:fgPhTUdO+D/Jk86RDLlptpiXQzgHJF7gydDDbaIK4Dk=
github.com/docker/libnetwork v0.8.0-dev.2.0.20180608203834-19279f049241/go.mod h1:93m0aTqz6z+g32wla4l4WxTrdtvBRmVzYRkYvasA5Z8=
github.com/docker/libnetwork v0.8.0-dev.2.0.20190104004527-411d3142b992 h1:fH609SNqS8Gz+8qtvIoOR3NNoGgeOJzpzM5eHkYQ5jc=
github.com/docker/libnetwork v0.8.0-dev.2.0.20190104004527-411d3142b992/go.mod h1:93m0aTqz6z+g32wla4l4WxTrdtvBRmVzYRkYvasA5Z8=
github.com/fsnotify/fsnotify v1.4.7 h1:IXs+QLmnXW2CcXuY+8Mzv/fWEsPGWxqefPtCP5CnV9I=
github.com/fsnotify/fsnotify v1.4.7/go.mod h1:jwhsz4b93w/PPRr/qN1Yymfu8t87LnFCMoQvtojpjFo=
github.com/fsouza/go-dockerclient v1.3.3 h1:HaGPJlgBFwCy3W7K/FD5IobA7uuy0RPcAcfa3azv+b4=
github.com/fsouza/go-dockerclient v1.3.3/go.mod h1:wqOJeWHV3Mep81Dx04uGm0ovCSZxtubD4at6XGfEPh0=
github.com/go-martini/martini v0.0.0-20170121215854-22fa46961aab h1:xveKWz2iaueeTaUgdetzel+U7exyigDYBryyVfV/rZk=
github.com/go-martini/martini v0.0.0-20170121215854-22fa46961aab/go.mod h1:/P9AEU963A2AYjv4d1V5eVL1CQbEJq6aCNHDDjibzu8=
github.com/go-sql-driver/mysql v1.5.0 h1:ozyZYNQW3x3HtqT1jira07DN2PArx2v7/mN66gGcHOs=
github.com/go-sql-driver/mysql v1.5.0/go.mod h1:DCzpHaOWr8IXmIStZouvnhqoel9Qv2LBy8hT2VhHyBg=
github.com/gobuffalo/envy v1.7.0/go.mod h1:n7DRkBerg/aorDM8kbduw5dN3oXGswK5liaSCx4T5NI=
github.com/gobuffalo/envy v1.7.1/go.mod h1:FurDp9+EDPE4aIUS3ZLyD+7/9fpx7YRt/ukY6jIHf0w=
github.com/gobuffalo/envy v1.9.0 h1:eZR0DuEgVLfeIb1zIKt3bT4YovIMf9O9LXQeCZLXpqE=
github.com/gobuffalo/envy v1.9.0/go.mod h1:FurDp9+EDPE4aIUS3ZLyD+7/9fpx7YRt/ukY6jIHf0w=
github.com/gobuffalo/logger v1.0.0 h1:xw9Ko9EcC5iAFprrjJ6oZco9UpzS5MQ4jAwghsLHdy4=
github.com/gobuffalo/logger v1.0.0/go.mod h1:2zbswyIUa45I+c+FLXuWl9zSWEiVuthsk8ze5s8JvPs=
github.com/gobuffalo/logger v1.0.1/go.mod h1:2zbswyIUa45I+c+FLXuWl9zSWEiVuthsk8ze5s8JvPs=
github.com/gobuffalo/logger v1.0.3 h1:YaXOTHNPCvkqqA7w05A4v0k2tCdpr+sgFlgINbQ6gqc=
github.com/gobuffalo/logger v1.0.3/go.mod h1:SoeejUwldiS7ZsyCBphOGURmWdwUFXs0J7TCjEhjKxM=
github.com/gobuffalo/packd v0.3.0/go.mod h1:zC7QkmNkYVGKPw4tHpBQ+ml7W/3tIebgeo1b36chA3Q=
github.com/gobuffalo/packd v1.0.0 h1:6ERZvJHfe24rfFmA9OaoKBdC7+c9sydrytMg8SdFGBM=
github.com/gobuffalo/packd v1.0.0/go.mod h1:6VTc4htmJRFB7u1m/4LeMTWjFoYrUiBkU9Fdec9hrhI=
github.com/gobuffalo/packr v1.30.1 h1:hu1fuVR3fXEZR7rXNW3h8rqSML8EVAf6KNm0NKO/wKg=
github.com/gobuffalo/packr v1.30.1/go.mod h1:ljMyFO2EcrnzsHsN99cvbq055Y9OhRrIaviy289eRuk=
github.com/gobuffalo/packr/v2 v2.5.1 h1:TFOeY2VoGamPjQLiNDT3mn//ytzk236VMO2j7iHxJR4=
github.com/gobuffalo/packr/v2 v2.5.1/go.mod h1:8f9c96ITobJlPzI44jj+4tHnEKNt0xXWSVlXRN9X1Iw=
github.com/gobuffalo/packr/v2 v2.7.1 h1:n3CIW5T17T8v4GGK5sWXLVWJhCz7b5aNLSxW6gYim4o=
github.com/gobuffalo/packr/v2 v2.7.1/go.mod h1:qYEvAazPaVxy7Y7KR0W8qYEE+RymX74kETFqjFoFlOc=
github.com/gogo/protobuf v1.2.0 h1:xU6/SpYbvkNYiptHJYEDRseDLvYE7wSqhYYNy0QSUzI=
github.com/gogo/protobuf v1.2.0/go.mod h1:r8qH/GZQm5c6nD/R0oafs1akxWv10x8SbQlK7atdtwQ=
github.com/golang/protobuf v1.2.0 h1:P3YflyNX/ehuJFLhxviNdFxQPkGK5cDcApsge1SqnvM=
github.com/golang/protobuf v1.2.0/go.mod h1:6lQm79b+lXiMfvg/cZm0SGofjICqVBUtrP5yJMmIC1U=
github.com/golang/protobuf v1.3.1 h1:YF8+flBXS5eO826T4nzqPrxfhQThhXl0YzfuUPu4SBg=
github.com/golang/protobuf v1.3.1/go.mod h1:6lQm79b+lXiMfvg/cZm0SGofjICqVBUtrP5yJMmIC1U=
github.com/golang/protobuf v1.3.3 h1:gyjaxf+svBWX08ZjK86iN9geUJF0H6gp2IRKX6Nf6/I=
github.com/golang/protobuf v1.3.3/go.mod h1:vzj43D7+SQXF/4pzW/hwtAqwc6iTitCiVSaWz5lYuqw=
github.com/google/go-cmp v0.2.0 h1:+dTQ8DZQJz0Mb/HjFlkptS1FeQ4cWSnN941F8aEG4SQ=
github.com/google/go-cmp v0.2.0/go.mod h1:oXzfMopK8JAjlY9xF4vHSVASa0yLyX7SntLO5aqRK0M=
github.com/google/uuid v1.0.0 h1:b4Gk+7WdP/d3HZH8EJsZpvV7EtDOgaZLtnaNGIu1adA=
github.com/google/uuid v1.0.0/go.mod h1:TIyPZe4MgqvfeYDBFedMoGGpEw/LqOeaOT+nhxU+yHo=
github.com/google/uuid v1.1.1 h1:Gkbcsh/GbpXz7lPftLA3P6TYMwjCLYm83jiFQZF/3gY=
github.com/google/uuid v1.1.1/go.mod h1:TIyPZe4MgqvfeYDBFedMoGGpEw/LqOeaOT+nhxU+yHo=
github.com/gopherjs/gopherjs v0.0.0-20181017120253-0766667cb4d1 h1:EGx4pi6eqNxGaHF6qqu48+N2wcFQ5qg5FXgOdqsJ5d8=
github.com/gopherjs/gopherjs v0.0.0-20181017120253-0766667cb4d1/go.mod h1:wJfORRmW1u3UXTncJ5qlYoELFm8eSnnEO6hX4iZ3EWY=
github.com/gorilla/context v1.1.1/go.mod h1:kBGZzfjB9CEq2AlWe17Uuf7NDRt0dE0s8S51q0aT7Yg=
github.com/gorilla/mux v1.6.2/go.mod h1:1lud6UwP+6orDFRuTfBEV8e9/aOM/c4fVVCaMa2zaAs=
github.com/hashicorp/errwrap v1.0.0 h1:hLrqtEDnRye3+sgx6z4qVLNuviH3MR5aQ0ykNJa/UYA=
github.com/hashicorp/errwrap v1.0.0/go.mod h1:YH+1FKiLXxHSkmPseP+kNlulaMuP3n2brvKWEqk/Jc4=
github.com/hashicorp/go-multierror v1.0.0 h1:iVjPR7a6H0tWELX5NxNe7bYopibicUzc7uPribsnS6o=
github.com/hashicorp/go-multierror v1.0.0/go.mod h1:dHtQlpGsu+cZNNAkkCN/P3hoUDHhCYQXV3UM06sGGrk=
github.com/hashicorp/hcl v1.0.0/go.mod h1:E5yfLk+7swimpb2L/Alb/PJmXilQ/rhwaUYs4T20WEQ=
github.com/hpcloud/tail v1.0.0/go.mod h1:ab1qPbhIpdTxEkNHXyeSf5vhxWSCs/tWer42PpOxQnU=
github.com/hpcloud/tail v1.0.1-0.20180514194441-a1dbeea552b7 h1:Ysi1UhrSyBltF8f+3RAt4UaqHc+53JJ0jyl0pY0sfck=
github.com/hpcloud/tail v1.0.1-0.20180514194441-a1dbeea552b7/go.mod h1:ab1qPbhIpdTxEkNHXyeSf5vhxWSCs/tWer42PpOxQnU=
github.com/inconshreveable/mousetrap v1.0.0 h1:Z8tu5sraLXCXIcARxBp/8cbvlwVa7Z1NHg9XEKhtSvM=
github.com/inconshreveable/mousetrap v1.0.0/go.mod h1:PxqpIevigyE2G7u3NXJIT2ANytuPF1OarO4DADm73n8=
github.com/jessevdk/go-flags v1.4.0 h1:4IU2WS7AumrZ/40jfhf4QVDMsQwqA7VEHozFRrGARJA=
github.com/jessevdk/go-flags v1.4.0/go.mod h1:4FA24M0QyGHXBuZZK/XkWh8h0e1EYbRYJSGM75WSRxI=
github.com/joefitzgerald/rainbow-reporter v0.1.0 h1:AuMG652zjdzI0YCCnXAqATtRBpGXMcAnrajcaTrSeuo=
github.com/joefitzgerald/rainbow-reporter v0.1.0/go.mod h1:481CNgqmVHQZzdIbN52CupLJyoVwB10FQ/IQlF1pdL8=
github.com/joho/godotenv v1.3.0 h1:Zjp+RcGpHhGlrMbJzXTrZZPrWj+1vfm90La1wgB6Bhc=
github.com/joho/godotenv v1.3.0/go.mod h1:7hK45KPybAkOC6peb+G5yklZfMxEjkZhHbwpqxOKXbg=
github.com/jtolds/gls v4.20.0+incompatible h1:xdiiI2gbIgH/gLH7ADydsJ1uDOEzR8yvV7C0MuV77Wo=
github.com/jtolds/gls v4.20.0+incompatible/go.mod h1:QJZ7F/aHp+rZTRtaJ1ow/lLfFfVYBRgL+9YlvaHOwJU=
github.com/karrick/godirwalk v1.10.12 h1:BqUm+LuJcXjGv1d2mj3gBiQyrQ57a0rYoAmhvJQ7RDU=
github.com/karrick/godirwalk v1.10.12/go.mod h1:RoGL9dQei4vP9ilrpETWE8CLOZ1kiN0LhBygSwrAsHA=
github.com/konsorten/go-windows-terminal-sequences v1.0.1 h1:mweAR1A6xJ3oS2pRaGiHgQ4OO8tzTaLawm8vnODuwDk=
github.com/konsorten/go-windows-terminal-sequences v1.0.1/go.mod h1:T0+1ngSBFLxvqU3pZ+m/2kptfBszLMUkC4ZK/EgS/cQ=
github.com/konsorten/go-windows-terminal-sequences v1.0.2 h1:DB17ag19krx9CFsz4o3enTrPXyIXCl+2iCXH/aMAp9s=
github.com/konsorten/go-windows-terminal-sequences v1.0.2/go.mod h1:T0+1ngSBFLxvqU3pZ+m/2kptfBszLMUkC4ZK/EgS/cQ=
github.com/kr/pretty v0.1.0 h1:L/CwN0zerZDmRFUapSPitk6f+Q3+0za1rQkzVuMiMFI=
github.com/kr/pretty v0.1.0/go.mod h1:dAy3ld7l9f0ibDNOQOHHMYYIIbhfbHSm3C4ZsoJORNo=
github.com/kr/pty v1.1.1/go.mod h1:pFQYn66WHrOpPYNljwOMqo10TkYh1fy3cYio2l3bCsQ=
github.com/kr/text v0.1.0 h1:45sCR5RtlFHMR4UwH9sdQ5TC8v0qDQCHnXt+kaKSTVE=
github.com/kr/text v0.1.0/go.mod h1:4Jbv+DJW3UT/LiOwJeYQe1efqtUx/iVham/4vfdArNI=
github.com/magiconair/properties v1.8.0/go.mod h1:PppfXfuXeibc/6YijjN8zIbojt8czPbwD3XqdrwzmxQ=
github.com/martini-contrib/render v0.0.0-20150707142108-ec18f8345a11 h1:YFh+sjyJTMQSYjKwM4dFKhJPJC/wfo98tPUc17HdoYw=
github.com/martini-contrib/render v0.0.0-20150707142108-ec18f8345a11/go.mod h1:Ah2dBMoxZEqk118as2T4u4fjfXarE0pPnMJaArZQZsI=
github.com/mattn/go-runewidth v0.0.7/go.mod h1:H031xJmbD/WCDINGzjvQ9THkh0rPKHF+m2gUSrubnMI=
github.com/mattn/go-runewidth v0.0.8 h1:3tS41NlGYSmhhe/8fhGRzc+z3AYCw1Fe1WAyLuujKs0=
github.com/mattn/go-runewidth v0.0.8/go.mod h1:H031xJmbD/WCDINGzjvQ9THkh0rPKHF+m2gUSrubnMI=
github.com/maxbrunsfeld/counterfeiter/v6 v6.2.2 h1:g+4J5sZg6osfvEfkRZxJ1em0VT95/UOZgi/l7zi1/oE=
github.com/maxbrunsfeld/counterfeiter/v6 v6.2.2/go.mod h1:eD9eIE7cdwcMi9rYluz88Jz2VyhSmden33/aXg4oVIY=
github.com/mitchellh/go-homedir v1.1.0/go.mod h1:SfyaCUpYCn1Vlf4IUYiD9fPX4A5wJrkLzIz1N1q0pr0=
github.com/mitchellh/mapstructure v1.1.2/go.mod h1:FVVH3fgwuzCH5S8UJGiWEs2h04kUh9fWfEaFds41c1Y=
github.com/olekukonko/tablewriter v0.0.4 h1:vHD/YYe1Wolo78koG299f7V/VAS08c6IpCLn+Ejf/w8=
github.com/olekukonko/tablewriter v0.0.4/go.mod h1:zq6QwlOf5SlnkVbMSr5EoBv3636FWnp+qbPhuoO21uA=
github.com/onsi/ginkgo v1.6.0/go.mod h1:lLunBs/Ym6LB5Z9jYTR76FiuTmxDTDusOGeTQH+WWjE=
github.com/onsi/ginkgo v1.7.0 h1:WSHQ+IS43OoUrWtD1/bbclrwK8TTH5hzp+umCiuxHgs=
github.com/onsi/ginkgo v1.7.0/go.mod h1:lLunBs/Ym6LB5Z9jYTR76FiuTmxDTDusOGeTQH+WWjE=
github.com/onsi/ginkgo v1.8.0 h1:VkHVNpR4iVnU8XQR6DBm8BqYjN7CRzw+xKUbVVbbW9w=
github.com/onsi/ginkgo v1.8.0/go.mod h1:lLunBs/Ym6LB5Z9jYTR76FiuTmxDTDusOGeTQH+WWjE=
github.com/onsi/ginkgo v1.12.0 h1:Iw5WCbBcaAAd0fpRb1c9r5YCylv4XDoCSigm1zLevwU=
github.com/onsi/ginkgo v1.12.0/go.mod h1:oUhWkIvk5aDxtKvDDuw8gItl8pKl42LzjC9KZE0HfGg=
github.com/onsi/gomega v1.4.3 h1:RE1xgDvH7imwFD45h+u2SgIfERHlS2yNG4DObb5BSKU=
github.com/onsi/gomega v1.4.3/go.mod h1:ex+gbHU/CVuBBDIJjb2X0qEXbFg53c61hWP/1CpauHY=
github.com/onsi/gomega v1.5.0 h1:izbySO9zDPmjJ8rDjLvkA2zJHIo+HkYXHnf7eN7SSyo=
github.com/onsi/gomega v1.5.0/go.mod h1:ex+gbHU/CVuBBDIJjb2X0qEXbFg53c61hWP/1CpauHY=
github.com/onsi/gomega v1.7.1/go.mod h1:XdKZgCCFLUoM/7CFJVPcG8C1xQ1AJ0vpAezJrB7JYyY=
github.com/onsi/gomega v1.9.0 h1:R1uwffexN6Pr340GtYRIdZmAiN4J+iw6WG4wog1DUXg=
github.com/onsi/gomega v1.9.0/go.mod h1:Ho0h+IUsWyvy1OpqCwxlQ/21gkhVunqlU8fDGcoTdcA=
github.com/opencontainers/go-digest v1.0.0-rc1 h1:WzifXhOVOEOuFYOJAW6aQqW0TooG2iki3E3Ii+WN7gQ=
github.com/opencontainers/go-digest v1.0.0-rc1/go.mod h1:cMLVZDEM3+U2I4VmLI6N8jQYUd2OVphdqWwCJHrFt2s=
github.com/opencontainers/image-spec v1.0.1 h1:JMemWkRwHx4Zj+fVxWoMCFm/8sYGGrUVojFA6h/TRcI=
github.com/opencontainers/image-spec v1.0.1/go.mod h1:BtxoFyWECRxE4U/7sNtV5W15zMzWCbyJoFRP3s7yZA0=
github.com/opencontainers/runc v0.1.1 h1:GlxAyO6x8rfZYN9Tt0Kti5a/cP41iuiO2yYT0IJGY8Y=
github.com/opencontainers/runc v0.1.1/go.mod h1:qT5XzbpPznkRYVz/mWwUaVBUv2rmF59PVA73FjuZG0U=
github.com/oxtoacart/bpool v0.0.0-20150712133111-4e1c5567d7c2 h1:CXwSGu/LYmbjEab5aMCs5usQRVBGThelUKBNnoSOuso=
github.com/oxtoacart/bpool v0.0.0-20150712133111-4e1c5567d7c2/go.mod h1:L3UMQOThbttwfYRNFOWLLVXMhk5Lkio4GGOtw5UrxS0=
github.com/pborman/uuid v1.2.0 h1:J7Q5mO4ysT1dv8hyrUGHb9+ooztCXu1D8MY8DZYsu3g=
github.com/pborman/uuid v1.2.0/go.mod h1:X/NO0urCmaxf9VXbdlT7C2Yzkj2IKimNn4k+gtPdI/k=
github.com/pelletier/go-toml v1.2.0/go.mod h1:5z9KED0ma1S8pY6P1sdut58dfprrGBbd/94hg7ilaic=
github.com/pivotal-cf/go-binmock v0.0.0-20171027112700-f797157c64e9 h1:NYJ/BzqA8Htne8NFOhMyB5y5LjraRV0RIHAVY3FRnek=
github.com/pivotal-cf/go-binmock v0.0.0-20171027112700-f797157c64e9/go.mod h1:RgukhOr3vfeuTXNG+86h9GwRw/CJD7ErJjIMMPlQs3Y=
github.com/pivotal/mysql-test-utils v0.0.0-20190110230231-232e8c83d632 h1:pja4ENjbSDXjXcGQYDqkta+dVrwsmvHDWmlSYANTmZk=
github.com/pivotal/mysql-test-utils v0.0.0-20190110230231-232e8c83d632/go.mod h1:u97FJ4MzuYA6Hze3IMReZDQwTPiWBlhrzoI5WVaVsss=
github.com/pkg/errors v0.8.1 h1:iURUrRGxPUNPdy5/HRSm+Yj6okJ6UtLINN0Q9M4+h3I=
github.com/pkg/errors v0.8.1/go.mod h1:bwawxfHBFNV+L2hUp1rHADufV3IMtnDRdf1r5NINEl0=
github.com/pkg/errors v0.9.1 h1:FEBLx1zS214owpjy7qsBeixbURkuhQAwrK5UwLGTwt4=
github.com/pkg/errors v0.9.1/go.mod h1:bwawxfHBFNV+L2hUp1rHADufV3IMtnDRdf1r5NINEl0=
github.com/pmezard/go-difflib v1.0.0 h1:4DBwDE0NGyQoBHbLQYPwSUPoCMWR5BEzIk/f1lZbAQM=
github.com/pmezard/go-difflib v1.0.0/go.mod h1:iKH77koFhYxTK1pcRnkKkqfTogsbg7gZNVY4sRDYZ/4=
github.com/rogpeppe/go-internal v1.1.0/go.mod h1:M8bDsm7K2OlrFYOpmOWEs/qY81heoFRclV5y23lUDJ4=
github.com/rogpeppe/go-internal v1.3.0/go.mod h1:M8bDsm7K2OlrFYOpmOWEs/qY81heoFRclV5y23lUDJ4=
github.com/rogpeppe/go-internal v1.3.2 h1:XU784Pr0wdahMY2bYcyK6N1KuaRAdLtqD4qd8D18Bfs=
github.com/rogpeppe/go-internal v1.3.2/go.mod h1:xXDCJY+GAPziupqXw64V24skbSoqbTEfhy4qGm1nDQc=
github.com/rogpeppe/go-internal v1.4.0/go.mod h1:xXDCJY+GAPziupqXw64V24skbSoqbTEfhy4qGm1nDQc=
github.com/rogpeppe/go-internal v1.5.2 h1:qLvObTrvO/XRCqmkKxUlOBc48bI3efyDuAZe25QiF0w=
github.com/rogpeppe/go-internal v1.5.2/go.mod h1:xXDCJY+GAPziupqXw64V24skbSoqbTEfhy4qGm1nDQc=
github.com/russross/blackfriday v1.5.2/go.mod h1:JO/DiYxRf+HjHt06OyowR9PTA263kcR/rfWxYHBV53g=
github.com/sclevine/spec v1.2.0 h1:1Jwdf9jSfDl9NVmt8ndHqbTZ7XCCPbh1jI3hkDBHVYA=
github.com/sclevine/spec v1.2.0/go.mod h1:W4J29eT/Kzv7/b9IWLB055Z+qvVC9vt0Arko24q7p+U=
github.com/sirupsen/logrus v1.3.0 h1:hI/7Q+DtNZ2kINb6qt/lS+IyXnHQe9e90POfeewL/ME=
github.com/sirupsen/logrus v1.3.0/go.mod h1:LxeOpSwHxABJmUn/MG1IvRgCAasNZTLOkJPxbbu5VWo=
github.com/sirupsen/logrus v1.4.2 h1:SPIRibHv4MatM3XXNO2BJeFLZwZ2LvZgfQ5+UNI2im4=
github.com/sirupsen/logrus v1.4.2/go.mod h1:tLMulIdttU9McNUspp0xgXVQah82FyeX6MwdIuYE2rE=
github.com/smartystreets/assertions v0.0.0-20180927180507-b2de0cb4f26d h1:zE9ykElWQ6/NYmHa3jpm/yHnI4xSofP+UP6SpjHcSeM=
github.com/smartystreets/assertions v0.0.0-20180927180507-b2de0cb4f26d/go.mod h1:OnSkiWE9lh6wB0YB77sQom3nweQdgAjqCqsofrRNTgc=
github.com/smartystreets/goconvey v0.0.0-20190330032615-68dc04aab96a h1:pa8hGb/2YqsZKovtsgrwcDH1RZhVbTKCjLp47XpqCDs=
github.com/smartystreets/goconvey v0.0.0-20190330032615-68dc04aab96a/go.mod h1:syvi0/a8iFYH4r/RixwvyeAJjdLS9QV7WQ/tjFTllLA=
github.com/spf13/afero v1.1.2/go.mod h1:j4pytiNVoe2o6bmDsKpLACNPDBIoEAkihy7loJ1B0CQ=
github.com/spf13/cast v1.3.0/go.mod h1:Qx5cxh0v+4UWYiBimWS+eyWzqEqokIECu5etghLkUJE=
github.com/spf13/cobra v0.0.5 h1:f0B+LkLX6DtmRH1isoNA9VTtNUK9K8xYd28JNNfOv/s=
github.com/spf13/cobra v0.0.5/go.mod h1:3K3wKZymM7VvHMDS9+Akkh4K60UwM26emMESw8tLCHU=
github.com/spf13/jwalterweatherman v1.0.0/go.mod h1:cQK4TGJAtQXfYWX+Ddv3mKDzgVb68N+wFjFa4jdeBTo=
github.com/spf13/pflag v1.0.3 h1:zPAT6CGy6wXeQ7NtTnaTerfKOsV6V6F8agHXFiazDkg=
github.com/spf13/pflag v1.0.3/go.mod h1:DYY7MBk1bdzusC3SYhjObp+wFpr4gzcvqqNjLnInEg4=
github.com/spf13/pflag v1.0.5 h1:iy+VFUOCP1a+8yFto/drg2CJ5u0yRoB7fZw3DKv/JXA=
github.com/spf13/pflag v1.0.5/go.mod h1:McXfInJRrz4CZXVZOBLb0bTZqETkiAhM9Iw0y3An2Bg=
github.com/spf13/viper v1.3.2/go.mod h1:ZiWeW+zYFKm7srdB9IoDzzZXaJaI5eL9QjNiN/DMA2s=
github.com/stretchr/objx v0.1.0/go.mod h1:HFkY916IF+rwdDfMAkV7OtwuqBVzrE8GR6GFx+wExME=
github.com/stretchr/objx v0.1.1/go.mod h1:HFkY916IF+rwdDfMAkV7OtwuqBVzrE8GR6GFx+wExME=
github.com/stretchr/testify v1.2.2 h1:bSDNvY7ZPG5RlJ8otE/7V6gMiyenm9RtJ7IUVIAoJ1w=
github.com/stretchr/testify v1.2.2/go.mod h1:a8OnRcib4nhh0OaRAV+Yts87kKdq0PP7pXfy6kDkUVs=
github.com/stretchr/testify v1.3.0/go.mod h1:M5WIy9Dh21IEIfnGCwXGc5bZfKNJtfHm1UVUgZn+9EI=
github.com/stretchr/testify v1.4.0 h1:2E4SXV/wtOkTonXsotYi4li6zVWxYlZuYNCXe9XRJyk=
github.com/stretchr/testify v1.4.0/go.mod h1:j7eGeouHqKxXV5pUuKE4zz7dFj8WfuZ+81PSLYec5m4=
github.com/ugorji/go/codec v0.0.0-20181204163529-d75b2dcb6bc8/go.mod h1:VFNgLljTbGfSG7qAOspJ7OScBnGdDN/yBr0sguwnwf0=
github.com/vishvananda/netlink v1.0.0 h1:bqNY2lgheFIu1meHUFSH3d7vG93AFyqg3oGbJCOJgSM=
github.com/vishvananda/netlink v1.0.0/go.mod h1:+SR5DhBJrl6ZM7CoCKvpw5BKroDKQ+PJqOg65H/2ktk=
github.com/vishvananda/netns v0.0.0-20180720170159-13995c7128cc h1:R83G5ikgLMxrBvLh22JhdfI8K6YXEPHx5P03Uu3DRs4=
github.com/vishvananda/netns v0.0.0-20180720170159-13995c7128cc/go.mod h1:ZjcWmFBXmLKZu9Nxj3WKYEafiSqer2rnvPr0en9UNpI=
github.com/xordataexchange/crypt v0.0.3-0.20170626215501-b2862e3d0a77/go.mod h1:aYKd//L2LvnjZzWKhF00oedf4jCCReLcmhLdhm1A27Q=
golang.org/x/crypto v0.0.0-20180904163835-0709b304e793/go.mod h1:6SG95UA2DQfeDnfUPMdvaQW0Q7yPrPDi9nlGo2tz2b4=
golang.org/x/crypto v0.0.0-20181203042331-505ab145d0a9/go.mod h1:6SG95UA2DQfeDnfUPMdvaQW0Q7yPrPDi9nlGo2tz2b4=
golang.org/x/crypto v0.0.0-20190103213133-ff983b9c42bc/go.mod h1:6SG95UA2DQfeDnfUPMdvaQW0Q7yPrPDi9nlGo2tz2b4=
golang.org/x/crypto v0.0.0-20190308221718-c2843e01d9a2/go.mod h1:djNgcEr1/C05ACkg1iLfiJU5Ep61QUkGW8qpdssI0+w=
golang.org/x/crypto v0.0.0-20190621222207-cc06ce4a13d4/go.mod h1:yigFU9vqHzYiE8UmvKecakEJjdnWj3jj499lnFckfCI=
golang.org/x/crypto v0.0.0-20191011191535-87dc89f01550 h1:ObdrDkeb4kJdCP557AjRjq69pTHfNouLtWZG7j9rPN8=
golang.org/x/crypto v0.0.0-20191011191535-87dc89f01550/go.mod h1:yigFU9vqHzYiE8UmvKecakEJjdnWj3jj499lnFckfCI=
golang.org/x/crypto v0.0.0-20191122220453-ac88ee75c92c/go.mod h1:LzIPMQfyMNhhGPhUkYOs5KpL4U8rLKemX1yGLhDgUto=
golang.org/x/crypto v0.0.0-20200204104054-c9f3fb736b72 h1:+ELyKg6m8UBf0nPFSqD0mi7zUfwPyXo23HNjMnXPz7w=
golang.org/x/crypto v0.0.0-20200204104054-c9f3fb736b72/go.mod h1:LzIPMQfyMNhhGPhUkYOs5KpL4U8rLKemX1yGLhDgUto=
golang.org/x/mod v0.1.1-0.20191105210325-c90efee705ee h1:WG0RUwxtNT4qqaXX3DPA8zHFNm/D9xaBpxzHt1WcA/E=
golang.org/x/mod v0.1.1-0.20191105210325-c90efee705ee/go.mod h1:QqPTAvyqsEbceGzBzNggFXnrqF1CaUcvgkdR5Ot7KZg=
golang.org/x/net v0.0.0-20180724234803-3673e40ba225/go.mod h1:mL1N/T3taQHkDXs73rZJwtUhF3w3ftmwwsq0BUmARs4=
golang.org/x/net v0.0.0-20180906233101-161cd47e91fd/go.mod h1:mL1N/T3taQHkDXs73rZJwtUhF3w3ftmwwsq0BUmARs4=
golang.org/x/net v0.0.0-20190108225652-1e06a53dbb7e/go.mod h1:mL1N/T3taQHkDXs73rZJwtUhF3w3ftmwwsq0BUmARs4=
golang.org/x/net v0.0.0-20190311183353-d8887717615a/go.mod h1:t9HGtf8HONx5eT2rtn7q6eTqICYqUVnKs3thJo3Qplg=
golang.org/x/net v0.0.0-20190404232315-eb5bcb51f2a3/go.mod h1:t9HGtf8HONx5eT2rtn7q6eTqICYqUVnKs3thJo3Qplg=
golang.org/x/net v0.0.0-20190603091049-60506f45cf65/go.mod h1:HSz+uSET+XFnRR8LxR5pz3Of3rY3CfYBVs4xY44aLks=
golang.org/x/net v0.0.0-20190620200207-3b0461eec859 h1:R/3boaszxrf1GEUWTVDzSKVwLmSJpwZ1yqXm8j0v2QI=
golang.org/x/net v0.0.0-20190620200207-3b0461eec859/go.mod h1:z5CRVTTTmAJ677TzLLGU+0bjPO0LkuOLi4/5GtJWs/s=
golang.org/x/net v0.0.0-20190628185345-da137c7871d7 h1:rTIdg5QFRR7XCaK4LCjBiPbx8j4DQRpdYMnGn/bJUEU=
golang.org/x/net v0.0.0-20190628185345-da137c7871d7/go.mod h1:z5CRVTTTmAJ677TzLLGU+0bjPO0LkuOLi4/5GtJWs/s=
golang.org/x/net v0.0.0-20200202094626-16171245cfb2 h1:CCH4IOTTfewWjGOlSp+zGcjutRKlBEZQ6wTn8ozI/nI=
golang.org/x/net v0.0.0-20200202094626-16171245cfb2/go.mod h1:z5CRVTTTmAJ677TzLLGU+0bjPO0LkuOLi4/5GtJWs/s=
golang.org/x/oauth2 v0.0.0-20190130055435-99b60b757ec1/go.mod h1:gOpvHmFTYa4IltrdGE7lF6nIHvwfUNPOp7c8zoXwtLw=
golang.org/x/oauth2 v0.0.0-20200107190931-bf48bf16ab8d h1:TzXSXBo42m9gQenoE3b9BGiEpg5IG2JkU5FkPIawgtw=
golang.org/x/oauth2 v0.0.0-20200107190931-bf48bf16ab8d/go.mod h1:gOpvHmFTYa4IltrdGE7lF6nIHvwfUNPOp7c8zoXwtLw=
golang.org/x/sync v0.0.0-20180314180146-1d60e4601c6f/go.mod h1:RxMgew5VJxzue5/jJTE5uejpjVlOe/izrB70Jof72aM=
golang.org/x/sync v0.0.0-20181221193216-37e7f081c4d4/go.mod h1:RxMgew5VJxzue5/jJTE5uejpjVlOe/izrB70Jof72aM=
golang.org/x/sync v0.0.0-20190423024810-112230192c58 h1:8gQV6CLnAEikrhgkHFbMAEhagSSnXWGV915qUMm9mrU=
golang.org/x/sync v0.0.0-20190423024810-112230192c58/go.mod h1:RxMgew5VJxzue5/jJTE5uejpjVlOe/izrB70Jof72aM=
golang.org/x/sync v0.0.0-20190911185100-cd5d95a43a6e h1:vcxGaoTs7kV8m5Np9uUNQin4BrLOthgV7252N8V+FwY=
golang.org/x/sync v0.0.0-20190911185100-cd5d95a43a6e/go.mod h1:RxMgew5VJxzue5/jJTE5uejpjVlOe/izrB70Jof72aM=
golang.org/x/sys v0.0.0-20180905080454-ebe1bf3edb33/go.mod h1:STP8DvDyc/dI5b8T5hshtkjS+E42TnysNCUPdjciGhY=
golang.org/x/sys v0.0.0-20180909124046-d0be0721c37e/go.mod h1:STP8DvDyc/dI5b8T5hshtkjS+E42TnysNCUPdjciGhY=
golang.org/x/sys v0.0.0-20181205085412-a5c9d58dba9a/go.mod h1:STP8DvDyc/dI5b8T5hshtkjS+E42TnysNCUPdjciGhY=
golang.org/x/sys v0.0.0-20190102155601-82a175fd1598/go.mod h1:STP8DvDyc/dI5b8T5hshtkjS+E42TnysNCUPdjciGhY=
golang.org/x/sys v0.0.0-20190215142949-d0b11bdaac8a/go.mod h1:STP8DvDyc/dI5b8T5hshtkjS+E42TnysNCUPdjciGhY=
golang.org/x/sys v0.0.0-20190412213103-97732733099d h1:+R4KGOnez64A81RvjARKc4UT5/tI9ujCIVX+P5KiHuI=
golang.org/x/sys v0.0.0-20190412213103-97732733099d/go.mod h1:h1NjWce9XRLGQEsW7wpKNCjG9DtNlClVuFLEZdDNbEs=
golang.org/x/sys v0.0.0-20190422165155-953cdadca894/go.mod h1:h1NjWce9XRLGQEsW7wpKNCjG9DtNlClVuFLEZdDNbEs=
golang.org/x/sys v0.0.0-20190515120540-06a5c4944438/go.mod h1:h1NjWce9XRLGQEsW7wpKNCjG9DtNlClVuFLEZdDNbEs=
golang.org/x/sys v0.0.0-20190626221950-04f50cda93cb h1:fgwFCsaw9buMuxNd6+DQfAuSFqbNiQZpcgJQAgJsK6k=
golang.org/x/sys v0.0.0-20190626221950-04f50cda93cb/go.mod h1:h1NjWce9XRLGQEsW7wpKNCjG9DtNlClVuFLEZdDNbEs=
golang.org/x/sys v0.0.0-20191120155948-bd437916bb0e/go.mod h1:h1NjWce9XRLGQEsW7wpKNCjG9DtNlClVuFLEZdDNbEs=
golang.org/x/sys v0.0.0-20200202164722-d101bd2416d5 h1:LfCXLvNmTYH9kEmVgqbnsWfruoXZIrh4YBgqVHtDvw0=
golang.org/x/sys v0.0.0-20200202164722-d101bd2416d5/go.mod h1:h1NjWce9XRLGQEsW7wpKNCjG9DtNlClVuFLEZdDNbEs=
golang.org/x/text v0.3.0 h1:g61tztE5qeGQ89tm6NTjjM9VPIm088od1l6aSorWRWg=
golang.org/x/text v0.3.0/go.mod h1:NqM8EUOU14njkJ3fqMW+pc6Ldnwhi/IjpwHt7yyuwOQ=
golang.org/x/text v0.3.2 h1:tW2bmiBqwgJj/UpqtC8EpXEZVYOwU0yG4iWbprSVAcs=
golang.org/x/text v0.3.2/go.mod h1:bEr9sfX3Q8Zfm5fL9x+3itogRgK3+ptLWKqgva+5dAk=
golang.org/x/tools v0.0.0-20180917221912-90fa682c2a6e/go.mod h1:n7NCudcB/nEzxVGmLbDWY5pfWTLqBcC2KZ6jyYvM4mQ=
golang.org/x/tools v0.0.0-20190328211700-ab21143f2384/go.mod h1:LCzVGOaR6xXOjkQ3onu1FJEFr0SW1gC7cKk1uF8kGRs=
golang.org/x/tools v0.0.0-20190624180213-70d37148ca0c/go.mod h1:/rFqwRUd4F7ZHNgwSSTFct+R/Kf4OFW1sUzUTQQTgfc=
golang.org/x/tools v0.0.0-20190706070813-72ffa07ba3db/go.mod h1:jcCCGcm9btYwXyDqrUWc6MKQKKGJCWEQ3AfLSRIbEuI=
golang.org/x/tools v0.0.0-20191004055002-72853e10c5a3/go.mod h1:b+2E5dAYhXwXZwtnZ6UAqBI28+e2cm9otk0dWdXHAEo=
golang.org/x/tools v0.0.0-20200205141839-4abfd4a1628e h1:JdEzLb04S2BEPrWqUDsgo7JXSq8pQlzIHbrBQN5o7TY=
golang.org/x/tools v0.0.0-20200205141839-4abfd4a1628e/go.mod h1:TB2adYChydJhpapKDTa4BR/hXlZSLoq2Wpct/0txZ28=
golang.org/x/xerrors v0.0.0-20190717185122-a985d3407aa7/go.mod h1:I/5z698sn9Ka8TeJc9MKroUUfqBBauWjQqLJ2OPfmY0=
golang.org/x/xerrors v0.0.0-20191011141410-1b5146add898 h1:/atklqdjdhuosWIl6AIbOeHJjicWYPqR9bpxqxYG2pA=
golang.org/x/xerrors v0.0.0-20191011141410-1b5146add898/go.mod h1:I/5z698sn9Ka8TeJc9MKroUUfqBBauWjQqLJ2OPfmY0=
golang.org/x/xerrors v0.0.0-20191204190536-9bdfabe68543 h1:E7g+9GITq07hpfrRu66IVDexMakfv52eLZ2CXBWiKr4=
golang.org/x/xerrors v0.0.0-20191204190536-9bdfabe68543/go.mod h1:I/5z698sn9Ka8TeJc9MKroUUfqBBauWjQqLJ2OPfmY0=
google.golang.org/appengine v1.4.0 h1:/wp5JvzpHIxhs/dumFmF7BXTf3Z+dd4uXta4kVyO508=
google.golang.org/appengine v1.4.0/go.mod h1:xpcJRLb0r/rnEns0DIKYYv+WjYCduHsrkT7/EB5XEv4=
google.golang.org/appengine v1.6.5 h1:tycE03LOZYQNhDpS27tcQdAzLCVMaj7QT2SXxebnpCM=
google.golang.org/appengine v1.6.5/go.mod h1:8WjMMxjGQR8xUklV/ARdw2HLXBOI7O7uCIDZVag1xfc=
gopkg.in/check.v1 v0.0.0-20161208181325-20d25e280405/go.mod h1:Co6ibVJAznAaIkqp8huTwlJQCZ016jof/cbN4VW5Yz0=
gopkg.in/check.v1 v1.0.0-20180628173108-788fd7840127 h1:qIbj1fsPNlZgppZ+VLlY7N33q108Sa+fhmuc+sWQYwY=
gopkg.in/check.v1 v1.0.0-20180628173108-788fd7840127/go.mod h1:Co6ibVJAznAaIkqp8huTwlJQCZ016jof/cbN4VW5Yz0=
gopkg.in/errgo.v2 v2.1.0/go.mod h1:hNsd1EY+bozCKY1Ytp96fpM3vjJbqLJn88ws8XvfDNI=
gopkg.in/fsnotify.v1 v1.4.7/go.mod h1:Tz8NjZHkW78fSQdbUxIjBTcgA1z1m8ZHf0WmKUhAMys=
gopkg.in/fsnotify/fsnotify.v1 v1.4.7 h1:XNNYLJHt73EyYiCZi6+xjupS9CpvmiDgjPTAjrBlQbo=
gopkg.in/fsnotify/fsnotify.v1 v1.4.7/go.mod h1:Fyux9zXlo4rWoMSIzpn9fDAYjalPqJ/K1qJ27s+7ltE=
gopkg.in/tomb.v1 v1.0.0-20141024135613-dd632973f1e7 h1:uRGJdciOHaEIrze2W8Q3AKkepLTh2hOroT7a+7czfdQ=
gopkg.in/tomb.v1 v1.0.0-20141024135613-dd632973f1e7/go.mod h1:dt/ZhP58zS4L8KSrWDmTeBkI65Dw0HsyUHuEVlX15mw=
gopkg.in/yaml.v2 v2.2.1/go.mod h1:hI93XBmqTisBFMUTm0b8Fm+jr3Dg1NNxqwp+5A1VGuI=
gopkg.in/yaml.v2 v2.2.2 h1:ZCJp+EgiOT7lHqUV2J862kp8Qj64Jo6az82+3Td9dZw=
gopkg.in/yaml.v2 v2.2.2/go.mod h1:hI93XBmqTisBFMUTm0b8Fm+jr3Dg1NNxqwp+5A1VGuI=
gopkg.in/yaml.v2 v2.2.4/go.mod h1:hI93XBmqTisBFMUTm0b8Fm+jr3Dg1NNxqwp+5A1VGuI=
gopkg.in/yaml.v2 v2.2.8 h1:obN1ZagJSUGI0Ek/LBmuj4SNLPfIny3KsKFopxRdj10=
gopkg.in/yaml.v2 v2.2.8/go.mod h1:hI93XBmqTisBFMUTm0b8Fm+jr3Dg1NNxqwp+5A1VGuI=
gotest.tools v2.2.0+incompatible h1:VsBPFP1AI068pPrMxtb/S8Zkgf9xEmTLJjfM+P5UIEo=
gotest.tools v2.2.0+incompatible/go.mod h1:DsYFclhRJ6vuDpmuTbkuFWG+y2sxOXAzmJt81HFBacw=
